{
  "version": 4,
  "terraform_version": "1.1.9",
  "serial": 74,
  "lineage": "392c1f0d-13b5-18c6-35df-d76ae53d8bdb",
  "outputs": {
    "api_base_url": {
      "value": "https://asd:8433/",
      "type": "string"
    }
  },
  "resources": [
    {
      "mode": "data",
      "type": "harness_application",
      "name": "app",
      "provider": "provider[\"registry.terraform.io/harness/harness\"]",
      "instances": [
        {
          "schema_version": 0,
          "attributes": {
            "description": "Create Pegasus app",
            "git_sync_connector_id": null,
            "git_sync_enabled": false,
            "id": "twwqiq5AS3qN4OjyGYLNug",
            "is_manual_trigger_authorized": false,
            "name": "Pegasus"
          },
          "sensitive_attributes": []
        }
      ]
    },
    {
      "mode": "data",
      "type": "harness_delegate",
      "name": "pegasus02",
      "provider": "provider[\"registry.terraform.io/harness/harness\"]",
      "instances": [
        {
          "schema_version": 0,
          "attributes": {
            "account_id": "2zPKqzWjT3SUyklYJvslKg",
            "description": "",
            "hostname": "hfedev-pegasus02-zpkqzw-0",
            "id": "HlMr-NKVREmNBRzbFv0IuQ",
            "ip": "172.18.1.72",
            "last_heartbeat": "54384-09-06 03:08:01 +0000 UTC",
            "name": "hfedev-pegasus02",
            "polling_mode_enabled": null,
            "profile_id": "0snvEiwsQTuzICvZOwvYFw",
            "status": "ENABLED",
            "type": "KUBERNETES",
            "version": "1.0.75275"
          },
          "sensitive_attributes": []
        }
      ]
    },
    {
      "mode": "data",
      "type": "harness_secret_manager",
      "name": "default",
      "provider": "provider[\"registry.terraform.io/harness/harness\"]",
      "instances": [
        {
          "schema_version": 0,
          "attributes": {
            "default": true,
            "id": "6TLq_CboQ5CUtQyDev2yQg",
            "name": null,
            "usage_scope": null
          },
          "sensitive_attributes": []
        }
      ]
    },
    {
      "mode": "data",
      "type": "harness_secret_manager",
      "name": "vault",
      "provider": "provider[\"registry.terraform.io/harness/harness\"]",
      "instances": [
        {
          "schema_version": 0,
          "attributes": {
            "default": null,
            "id": "vJeaO1bFQ82-NOTyVMRgyA",
            "name": "keeper-wbxd-harness-sandbox",
            "usage_scope": []
          },
          "sensitive_attributes": []
        }
      ]
    },
    {
      "mode": "data",
      "type": "vault_generic_secret",
      "name": "harness",
      "provider": "provider[\"registry.terraform.io/hashicorp/vault\"]",
      "instances": [
        {
          "schema_version": 0,
          "attributes": {
            "data": {
              "account_id": "o0yschY0RrGZJ2JFGEpvdw",
              "account_id_short": "oyschy",
              "account_secret": "31f651fbbf15c710d23a5bf9724e9e3f",
              "api_key": "MnpQS3F6V2pUM1NVeWtsWUp2c2xLZzo6VHZBUTRVZHl1SW9jSUpFYmNIb3ZKWG0zQW9mMDc5TncyVENwbHpZVU1hR003QVduSkF0MUZiaFFMSFdKRnJ4U3doWUdXem5nU0N1R2MyN2Q=",
              "github_token": "b9f4351c3bcc1de5d6a1a14594810dccbf928d83",
              "gpg_id": "452B8C19CADAAC7246E0553BDE4164B6B474E729",
              "private_key": "lQOYBF1DAQQBCADZsy3n3ZExZBy0rDJfM0Vtb+HEFEXxSnw4YJ6aW4N1dpdi1DN1SPZUFEuKsZSU+hRWyXJwJM+Oy8KeJs7DrH0Yw8UF++jSKAXO6vI8XAoz2JvTEyV/RWu88Yxzn3srR1QqK5T6Le6gufoSir+OTMw+PGODyQC/1HobSjd3ajuT7QoZieQajFCg6WB79pT1aLnnsZkoDB2J9PMsi3YNV+spKziMO0jmECEKG/mxynzo8LYgHIXj/E+q2FsR5gHrt92/ATN9+02rGaG+ySjOow8BGlre1wkAmrjm2pEebQe51f8sipiV5Eef43uUnbOobPduQz+otv+WVCzWBzi+7XuvABEBAAEAB/sG6IxzjV7wxnmVLC+9QKjhpB7HJlHFOJ+c3UgQh13rUNecOjY7Kb++EaTOft+YzgMKqjrfnyxQkHg1+kQSBpEXQ5h8LBK1LXkvfYTcDPDI1S/Sfvyozatxh5LKf9qAJnrt/TafV9BcgCUGs0YlPipSpNTy837siUOqDXsnregRiv/Z7Necyxz2f10SKKMysJXHqQcsr3E/EVvKUhKkb2XXcUa9a7mcO9mSs/dAIOC83Kxd8RvS9JKLcBDKb6IUKrhES8bmPOKveVIadV5ptjlWgnrNhi7JWvFKU/k/XZiRfXEk+2ThdRU5Ea1hdtIGRpw1DNS2muxWJ87EeYGi7teVBADc42VktXE5OFM8dMFfcz0JofF0Kf/V6/BqpZwgMuXkl1kv/98BZplgNteMYWxoWoWlyr4Ibyt3dvJhyBcg0agZ68slO7Y182Th3BUu47UOhGyEQxC8TYnJ3STSujgPhP8yi1JeBuTLHL2Vm4qUAK61u8Evd8WTNyjZN/n5jClMLQQA/E4KNmsHDqYBC7UndfEXPsAMBIfwbZOd+RSsWYuNIjlGQkn7ty7O9a/2Sfl7Ytrug1RcKNsefvVy9nh7yhnjV97Gy9kiNILrM7dbaafxdoE6hd2Y3gUrJ7yrOv7RWOf6y1++L1WX1U/yV5IaVTWju2q57As2OdwOm4RcItNu5MsD/iqvvmclEJfXw6NR56R74vIGvcBmJtIs70Bmly0zr0lU+ZFLj82e8zGPTl9F3nTinITLqoqwh9rRZZIXsoj5zZyMxc+8ZbQ/+Lv9TD6xvQLyxFa6BbKV3Jmx2Z2opy/ffm9Q7sCHEsgrlI55wFHSRAtWOZICdrwW1owYegc+D2KeSSK0L0NNLWRldiBnZW5lcmljIDx3ZWJleGt1YmVkLWplbmtpLmdlbkBjaXNjby5jb20+iQFOBBMBCgA4FiEERSuMGcrarHJG4FU73kFktrR05ykFAl1DAQQCGwMFCwkIBwIGFQoJCAsCBBYCAwECHgECF4AACgkQ3kFktrR05yn6hwgArYgt025Ndnqfs/KQ3oKT0UyuJxSmJRnF04MHIbEu3PfPffmkZObGTbC+2qWfWcuxtjSnih5eTX2nsf3ZXP6v9HSHdG0hahvSvjiOuhn2d3jJwLNgzyiIiLu9VSI6a5Zmy10QbptOrIE4WzAKMSlwRzJBH6CKXv/MhzEYaOm4GCIg+DMiivqK+2doUu8EB6dtMeJmZyZFS8zR+qQOn+Cuh2Qx8wKZz6nVqaApf9aqqEeOW9rSzAAPGIwr+m/3FGagxJz4PtxNh6mpTOOMr/vw3Tdg0NkEI89Jc02H7YBxgYnK5Ojn5Bek2yQkKFAwm3pt7a1Tm0m9uxEy/5ZAf41ZjJ0DmARdQwEEAQgApUZtOMtfvNnG9lNmvJTwTzDNxysjrks7jArCEo6LN1ZZqMZGmlWw+7PFv3jGFmms+FmL1w6NyEFPbrlO3bbbkkweiEYq0SPsgKqcUdjG1YvsGpC54JU1va2ypDw819sN14lXURkl1Mp9uGostzT33ZZ07YelwsIkY5mWXKu6NAwdalQ7KPS5RiT3mv34glWhb8nTGQqr9mRwH2MUyzsMnYgHwq8FktriVgo8v3SW3qzroRZIT0S8T4+GqvcsD4w1ifGkb7AqBNq1lTOslJHLE2VHVGQRWWGcxts+Olv2x65phrUGP+573SKYywMRp0tGNEEHac8OHgRGuB6O2IjSoQARAQABAAf6A5c6VVCFFD5xokF3LPnCB7DraBhQv2sv1EnZq/86AOQOyS4DW7wYzvuhrEB9ooAV0YyZv0SoFbuuQ/U5hINx/Vl7NHYMjSgZ/dTDFhvC7GHckZpPSQTp3rTR2bvLrTuDh0E7BwJwNBGJCiUfowR2/gLcSAq1YiQPWAT+v2U9W68GopaIhoaisF7qvpcSybl20ELzyTP5A7uMEv/XMszf42ECDVC72+Hjj022gmq92b9k/MCuJ2PJ+h6OCIXztMOPRH9L5f6xFDqpu8QRfOqO1ye7kmRb5bf4pU52FuIXX9ltuNAw2RM5krfUKSxi1hM1hpF4Di3XKkPnYjv7FgPMAQQAzROf6hDSVpiq1IBuxdbwGgii0WQHGr3NmwGdneoe98qx4pZIaTxWumPAC67UNLQoAsVEa8nR1hx+dNBiNdgyHDlOlif0GWJKj2IHhwg0ZgLuHwlthErSvZ6rp7Qa8GGrDPZu33O0v6NR/mMZeKn4ElzJt+EMz0WWvcGx9iHzlAEEAM5Qr0X5xUTqMe8vyRMSu8AqljIbF0tbMypO69fXmHRRCw0SxgoNxz8wjn2/I8yZ3o6WG5r8EU+zDuJ/Xd0rRlaXpmroErZ/t85tgbHXfQgpcC13tIUTZCfLdyjVHikGe1ynqb7w2H11pHZ4EClzWi9nV6UACDsKGzfiSI62gL6hBACDVensm80i4D5haysAGSZW6gIl7W7dEJL1yC26FoNF/OSjt/aiUl3Sh0D+5Gep2lnYX5QErxApXBmyLYyoERo5vfJmYRu3DzEBYeblUhMl9b92hgB4tdtBxjCRfQy3TXo/KzDvpCnGLwb3yAJYzwRirQPakJwZ2Ne2Mr1eZzWb6TcqiQE2BBgBCgAgFiEERSuMGcrarHJG4FU73kFktrR05ykFAl1DAQQCGwwACgkQ3kFktrR05ylGWQf/c6sdDi+BGCsbFO+3aoxdB2Trxuju9oebhR4roDv3kGxpI6fJDnHitZkbZKHAZUHlDJNs7H3HTRRn9f8ALS57dthg6n5kzNbG5iiABCZ0TKnJCJbT2UCUWSbuxccsanjgOFWp2FD+HEqjyd7d+N3sLylO3KbkoPD/PGkwmrk2Ao4svnKUMOpvN/tj9etw13m+T4fP/7P0Q15a2Okyf3XKRwT/VWR3F8m8LNce1faOwrVthIV7Jeo1lWDhgKsFMjW7KMWoNdmMn+4Exs5O9l0IgcdiiLQ/Hu1d0kZBGNUx0l6V/DVidc3Xju2E4wNNyYuwK59qBA4HDfnw5XIXhOB+Rw==",
              "sandbox_account_id": "2zPKqzWjT3SUyklYJvslKg"
            },
            "data_json": "{\"account_id\":\"o0yschY0RrGZJ2JFGEpvdw\",\"account_id_short\":\"oyschy\",\"account_secret\":\"31f651fbbf15c710d23a5bf9724e9e3f\",\"api_key\":\"MnpQS3F6V2pUM1NVeWtsWUp2c2xLZzo6VHZBUTRVZHl1SW9jSUpFYmNIb3ZKWG0zQW9mMDc5TncyVENwbHpZVU1hR003QVduSkF0MUZiaFFMSFdKRnJ4U3doWUdXem5nU0N1R2MyN2Q=\",\"github_token\":\"b9f4351c3bcc1de5d6a1a14594810dccbf928d83\",\"gpg_id\":\"452B8C19CADAAC7246E0553BDE4164B6B474E729\",\"private_key\":\"lQOYBF1DAQQBCADZsy3n3ZExZBy0rDJfM0Vtb+HEFEXxSnw4YJ6aW4N1dpdi1DN1SPZUFEuKsZSU+hRWyXJwJM+Oy8KeJs7DrH0Yw8UF++jSKAXO6vI8XAoz2JvTEyV/RWu88Yxzn3srR1QqK5T6Le6gufoSir+OTMw+PGODyQC/1HobSjd3ajuT7QoZieQajFCg6WB79pT1aLnnsZkoDB2J9PMsi3YNV+spKziMO0jmECEKG/mxynzo8LYgHIXj/E+q2FsR5gHrt92/ATN9+02rGaG+ySjOow8BGlre1wkAmrjm2pEebQe51f8sipiV5Eef43uUnbOobPduQz+otv+WVCzWBzi+7XuvABEBAAEAB/sG6IxzjV7wxnmVLC+9QKjhpB7HJlHFOJ+c3UgQh13rUNecOjY7Kb++EaTOft+YzgMKqjrfnyxQkHg1+kQSBpEXQ5h8LBK1LXkvfYTcDPDI1S/Sfvyozatxh5LKf9qAJnrt/TafV9BcgCUGs0YlPipSpNTy837siUOqDXsnregRiv/Z7Necyxz2f10SKKMysJXHqQcsr3E/EVvKUhKkb2XXcUa9a7mcO9mSs/dAIOC83Kxd8RvS9JKLcBDKb6IUKrhES8bmPOKveVIadV5ptjlWgnrNhi7JWvFKU/k/XZiRfXEk+2ThdRU5Ea1hdtIGRpw1DNS2muxWJ87EeYGi7teVBADc42VktXE5OFM8dMFfcz0JofF0Kf/V6/BqpZwgMuXkl1kv/98BZplgNteMYWxoWoWlyr4Ibyt3dvJhyBcg0agZ68slO7Y182Th3BUu47UOhGyEQxC8TYnJ3STSujgPhP8yi1JeBuTLHL2Vm4qUAK61u8Evd8WTNyjZN/n5jClMLQQA/E4KNmsHDqYBC7UndfEXPsAMBIfwbZOd+RSsWYuNIjlGQkn7ty7O9a/2Sfl7Ytrug1RcKNsefvVy9nh7yhnjV97Gy9kiNILrM7dbaafxdoE6hd2Y3gUrJ7yrOv7RWOf6y1++L1WX1U/yV5IaVTWju2q57As2OdwOm4RcItNu5MsD/iqvvmclEJfXw6NR56R74vIGvcBmJtIs70Bmly0zr0lU+ZFLj82e8zGPTl9F3nTinITLqoqwh9rRZZIXsoj5zZyMxc+8ZbQ/+Lv9TD6xvQLyxFa6BbKV3Jmx2Z2opy/ffm9Q7sCHEsgrlI55wFHSRAtWOZICdrwW1owYegc+D2KeSSK0L0NNLWRldiBnZW5lcmljIDx3ZWJleGt1YmVkLWplbmtpLmdlbkBjaXNjby5jb20+iQFOBBMBCgA4FiEERSuMGcrarHJG4FU73kFktrR05ykFAl1DAQQCGwMFCwkIBwIGFQoJCAsCBBYCAwECHgECF4AACgkQ3kFktrR05yn6hwgArYgt025Ndnqfs/KQ3oKT0UyuJxSmJRnF04MHIbEu3PfPffmkZObGTbC+2qWfWcuxtjSnih5eTX2nsf3ZXP6v9HSHdG0hahvSvjiOuhn2d3jJwLNgzyiIiLu9VSI6a5Zmy10QbptOrIE4WzAKMSlwRzJBH6CKXv/MhzEYaOm4GCIg+DMiivqK+2doUu8EB6dtMeJmZyZFS8zR+qQOn+Cuh2Qx8wKZz6nVqaApf9aqqEeOW9rSzAAPGIwr+m/3FGagxJz4PtxNh6mpTOOMr/vw3Tdg0NkEI89Jc02H7YBxgYnK5Ojn5Bek2yQkKFAwm3pt7a1Tm0m9uxEy/5ZAf41ZjJ0DmARdQwEEAQgApUZtOMtfvNnG9lNmvJTwTzDNxysjrks7jArCEo6LN1ZZqMZGmlWw+7PFv3jGFmms+FmL1w6NyEFPbrlO3bbbkkweiEYq0SPsgKqcUdjG1YvsGpC54JU1va2ypDw819sN14lXURkl1Mp9uGostzT33ZZ07YelwsIkY5mWXKu6NAwdalQ7KPS5RiT3mv34glWhb8nTGQqr9mRwH2MUyzsMnYgHwq8FktriVgo8v3SW3qzroRZIT0S8T4+GqvcsD4w1ifGkb7AqBNq1lTOslJHLE2VHVGQRWWGcxts+Olv2x65phrUGP+573SKYywMRp0tGNEEHac8OHgRGuB6O2IjSoQARAQABAAf6A5c6VVCFFD5xokF3LPnCB7DraBhQv2sv1EnZq/86AOQOyS4DW7wYzvuhrEB9ooAV0YyZv0SoFbuuQ/U5hINx/Vl7NHYMjSgZ/dTDFhvC7GHckZpPSQTp3rTR2bvLrTuDh0E7BwJwNBGJCiUfowR2/gLcSAq1YiQPWAT+v2U9W68GopaIhoaisF7qvpcSybl20ELzyTP5A7uMEv/XMszf42ECDVC72+Hjj022gmq92b9k/MCuJ2PJ+h6OCIXztMOPRH9L5f6xFDqpu8QRfOqO1ye7kmRb5bf4pU52FuIXX9ltuNAw2RM5krfUKSxi1hM1hpF4Di3XKkPnYjv7FgPMAQQAzROf6hDSVpiq1IBuxdbwGgii0WQHGr3NmwGdneoe98qx4pZIaTxWumPAC67UNLQoAsVEa8nR1hx+dNBiNdgyHDlOlif0GWJKj2IHhwg0ZgLuHwlthErSvZ6rp7Qa8GGrDPZu33O0v6NR/mMZeKn4ElzJt+EMz0WWvcGx9iHzlAEEAM5Qr0X5xUTqMe8vyRMSu8AqljIbF0tbMypO69fXmHRRCw0SxgoNxz8wjn2/I8yZ3o6WG5r8EU+zDuJ/Xd0rRlaXpmroErZ/t85tgbHXfQgpcC13tIUTZCfLdyjVHikGe1ynqb7w2H11pHZ4EClzWi9nV6UACDsKGzfiSI62gL6hBACDVensm80i4D5haysAGSZW6gIl7W7dEJL1yC26FoNF/OSjt/aiUl3Sh0D+5Gep2lnYX5QErxApXBmyLYyoERo5vfJmYRu3DzEBYeblUhMl9b92hgB4tdtBxjCRfQy3TXo/KzDvpCnGLwb3yAJYzwRirQPakJwZ2Ne2Mr1eZzWb6TcqiQE2BBgBCgAgFiEERSuMGcrarHJG4FU73kFktrR05ykFAl1DAQQCGwwACgkQ3kFktrR05ylGWQf/c6sdDi+BGCsbFO+3aoxdB2Trxuju9oebhR4roDv3kGxpI6fJDnHitZkbZKHAZUHlDJNs7H3HTRRn9f8ALS57dthg6n5kzNbG5iiABCZ0TKnJCJbT2UCUWSbuxccsanjgOFWp2FD+HEqjyd7d+N3sLylO3KbkoPD/PGkwmrk2Ao4svnKUMOpvN/tj9etw13m+T4fP/7P0Q15a2Okyf3XKRwT/VWR3F8m8LNce1faOwrVthIV7Jeo1lWDhgKsFMjW7KMWoNdmMn+4Exs5O9l0IgcdiiLQ/Hu1d0kZBGNUx0l6V/DVidc3Xju2E4wNNyYuwK59qBA4HDfnw5XIXhOB+Rw==\",\"sandbox_account_id\":\"2zPKqzWjT3SUyklYJvslKg\"}",
            "id": "secret/hfedev/harness/harness-delegate",
            "lease_duration": 0,
            "lease_id": "",
            "lease_renewable": false,
            "lease_start_time": "2022-06-01T01:39:36Z",
            "path": "secret/hfedev/harness/harness-delegate",
            "version": -1,
            "with_lease_start_time": true
          },
          "sensitive_attributes": []
        }
      ]
    },
    {
      "mode": "managed",
      "type": "harness_application",
      "name": "peg",
      "provider": "provider[\"registry.terraform.io/harness/harness\"]",
      "instances": [
        {
          "schema_version": 0,
          "attributes": {
            "description": "Create Pegasus app",
            "git_sync_connector_id": null,
            "git_sync_enabled": null,
            "id": "twwqiq5AS3qN4OjyGYLNug",
            "is_manual_trigger_authorized": false,
            "name": "Pegasus",
            "tags": null
          },
          "sensitive_attributes": [],
          "private": "eyJzY2hlbWFfdmVyc2lvbiI6IjAifQ==",
          "dependencies": [
            "data.vault_generic_secret.harness"
          ]
        }
      ]
    },
    {
      "mode": "managed",
      "type": "harness_cloudprovider_aws",
      "name": "aws",
      "provider": "provider[\"registry.terraform.io/harness/harness\"]",
      "instances": [
        {
          "schema_version": 0,
          "attributes": {
            "access_key_id": "",
            "access_key_id_secret_name": "aws_access_key2",
            "assume_cross_account_role": [],
            "delegate_selector": "",
            "id": "1KdMERrsTGy1n3g8iTCiYQ",
            "name": "WBX3 Account 527856644868 Access",
            "secret_access_key_secret_name": "//keeper-wbxd-harness-sandbox/sandbox/aws/wbx3-aws-iam-secret#secret_access_key",
            "usage_scope": [],
            "use_ec2_iam_credentials": null,
            "use_irsa": false
          },
          "sensitive_attributes": [],
          "private": "bnVsbA==",
          "dependencies": [
            "data.vault_generic_secret.harness",
            "harness_encrypted_text.aws_access_key2",
            "harness_encrypted_text.wbx3-aws_access_key"
          ]
        }
      ]
    },
    {
      "mode": "managed",
      "type": "harness_cloudprovider_kubernetes",
      "name": "pegasus_k8s",
      "provider": "provider[\"registry.terraform.io/harness/harness\"]",
      "instances": [
        {
          "schema_version": 0,
          "attributes": {
            "authentication": [
              {
                "delegate_selectors": [
                  "hfedev-pegasus02"
                ],
                "oidc": [],
                "service_account": [],
                "username_password": []
              }
            ],
            "id": "zmryHpU2SBC4eY8WnRVWQw",
            "name": "test-int301-aiadwxt-1",
            "skip_validation": false,
            "usage_scope": [
              {
                "application_id": "",
                "environment_filter_type": "NON_PRODUCTION_ENVIRONMENTS",
                "environment_id": ""
              },
              {
                "application_id": "",
                "environment_filter_type": "PRODUCTION_ENVIRONMENTS",
                "environment_id": ""
              }
            ]
          },
          "sensitive_attributes": [],
          "private": "bnVsbA==",
          "dependencies": [
            "data.vault_generic_secret.harness"
          ],
          "create_before_destroy": true
        }
      ]
    },
    {
      "mode": "managed",
      "type": "harness_encrypted_text",
      "name": "aws_access_key",
      "provider": "provider[\"registry.terraform.io/harness/harness\"]",
      "instances": [
        {
          "schema_version": 0,
          "attributes": {
            "id": "8dVhhqd8Q1iyZpx5EnXEmg",
            "inherit_scopes_from_secret_manager": false,
            "name": "aws_access_key",
            "scoped_to_account": false,
            "secret_manager_id": "6TLq_CboQ5CUtQyDev2yQg",
            "secret_reference": null,
            "usage_scope": [],
            "value": "AKIASGYP6GSQIYMERLNU"
          },
          "sensitive_attributes": [],
          "private": "bnVsbA==",
          "dependencies": [
            "data.harness_secret_manager.default",
            "data.vault_generic_secret.harness"
          ]
        }
      ]
    },
    {
      "mode": "managed",
      "type": "harness_encrypted_text",
      "name": "aws_access_key2",
      "provider": "provider[\"registry.terraform.io/harness/harness\"]",
      "instances": [
        {
          "schema_version": 0,
          "attributes": {
            "id": "msnNx-JsT4y25lyh2bTbUw",
            "inherit_scopes_from_secret_manager": false,
            "name": "aws_access_key2",
            "scoped_to_account": false,
            "secret_manager_id": "6TLq_CboQ5CUtQyDev2yQg",
            "secret_reference": null,
            "usage_scope": [],
            "value": "AKIAXVZVVGMCCNYWWMMZ"
          },
          "sensitive_attributes": [],
          "private": "bnVsbA==",
          "dependencies": [
            "data.harness_secret_manager.default",
            "data.vault_generic_secret.harness"
          ]
        }
      ]
    },
    {
      "mode": "managed",
      "type": "harness_encrypted_text",
      "name": "aws_secret_key",
      "provider": "provider[\"registry.terraform.io/harness/harness\"]",
      "instances": [
        {
          "schema_version": 0,
          "attributes": {
            "id": "-fSM3XR5QvG5ZYTvFf-tKQ",
            "inherit_scopes_from_secret_manager": false,
            "name": "aws_secret_key",
            "scoped_to_account": false,
            "secret_manager_id": "6TLq_CboQ5CUtQyDev2yQg",
            "secret_reference": null,
            "usage_scope": [],
            "value": ""
          },
          "sensitive_attributes": [],
          "private": "bnVsbA==",
          "dependencies": [
            "data.vault_generic_secret.harness"
          ]
        }
      ]
    },
    {
      "mode": "managed",
      "type": "harness_encrypted_text",
      "name": "github_token",
      "provider": "provider[\"registry.terraform.io/harness/harness\"]",
      "instances": [
        {
          "schema_version": 0,
          "attributes": {
            "id": "6dnUsCohQ8qZ8DRLfz6YIA",
            "inherit_scopes_from_secret_manager": false,
            "name": "test-github-token",
            "scoped_to_account": false,
            "secret_manager_id": "6TLq_CboQ5CUtQyDev2yQg",
            "secret_reference": null,
            "usage_scope": [
              {
                "application_id": "",
                "environment_filter_type": "NON_PRODUCTION_ENVIRONMENTS",
                "environment_id": ""
              },
              {
                "application_id": "",
                "environment_filter_type": "PRODUCTION_ENVIRONMENTS",
                "environment_id": ""
              }
            ],
            "value": "bb6d6f06f18792ab56d7e070c81cb02788d13513"
          },
          "sensitive_attributes": [],
          "private": "bnVsbA==",
          "dependencies": [
            "data.harness_secret_manager.default",
            "data.vault_generic_secret.harness"
          ]
        }
      ]
    },
    {
      "mode": "managed",
      "type": "harness_encrypted_text",
      "name": "wbx3-aws_access_key",
      "provider": "provider[\"registry.terraform.io/harness/harness\"]",
      "instances": [
        {
          "schema_version": 0,
          "attributes": {
            "id": "aMAyBCcMRIKSh89zN0iu5Q",
            "inherit_scopes_from_secret_manager": true,
            "name": "wbx3-aws-iam-secret-access-key",
            "scoped_to_account": false,
            "secret_manager_id": "vJeaO1bFQ82-NOTyVMRgyA",
            "secret_reference": null,
            "usage_scope": [],
            "value": null
          },
          "sensitive_attributes": [],
          "private": "eyJzY2hlbWFfdmVyc2lvbiI6IjAifQ==",
          "dependencies": [
            "data.harness_secret_manager.vault",
            "data.vault_generic_secret.harness"
          ]
        }
      ]
    },
    {
      "mode": "managed",
      "type": "harness_environment",
      "name": "dev",
      "provider": "provider[\"registry.terraform.io/harness/harness\"]",
      "instances": [
        {
          "schema_version": 0,
          "attributes": {
            "app_id": "twwqiq5AS3qN4OjyGYLNug",
            "description": "",
            "id": "IcOULJNRSnmzxVTcl-3g3Q",
            "name": "int301",
            "type": "NON_PROD",
            "variable_override": []
          },
          "sensitive_attributes": [],
          "private": "bnVsbA==",
          "dependencies": [
            "data.harness_application.app",
            "data.vault_generic_secret.harness"
          ],
          "create_before_destroy": true
        }
      ]
    },
    {
      "mode": "managed",
      "type": "harness_git_connector",
      "name": "sipedge",
      "provider": "provider[\"registry.terraform.io/harness/harness\"]",
      "instances": [
        {
          "schema_version": 0,
          "attributes": {
            "branch": "master",
            "commit_details": [],
            "created_at": "54152-01-27 08:32:08 +0000 UTC",
            "delegate_selectors": null,
            "generate_webhook_url": true,
            "id": "HvKCOpt8S-yFsi-rnEUQnA",
            "name": "sqbu-github SandboxSipEdge Application",
            "password_secret_id": "yqYZ5MFHRY-K7JrlOVv-9g",
            "ssh_setting_id": "",
            "url": "https://sqbu-github.cisco.com/SIPEdge/harness-SandboxSipEdge.git",
            "url_type": "REPO",
            "usage_scope": [],
            "username": "wbx3-harness.gen",
            "webhook_url": "https://app.harness.io/gratis/api/setup-as-code/yaml/webhook/RyzvlpQ0LlS7SaLUJmXGP9aVv60DcMdpNXFM6Rk1?accountId=2zPKqzWjT3SUyklYJvslKg"
          },
          "sensitive_attributes": [],
          "private": "eyJzY2hlbWFfdmVyc2lvbiI6IjAifQ==",
          "dependencies": [
            "data.vault_generic_secret.harness"
          ]
        }
      ]
    },
    {
      "mode": "managed",
      "type": "harness_git_connector",
      "name": "ziqguo",
      "provider": "provider[\"registry.terraform.io/harness/harness\"]",
      "instances": [
        {
          "schema_version": 0,
          "attributes": {
            "branch": "master",
            "commit_details": [],
            "created_at": "54281-07-18 20:21:26 +0000 UTC",
            "delegate_selectors": null,
            "generate_webhook_url": true,
            "id": "4GZ-jI77TMGguAAg6Vue0w",
            "name": "test-git-connector",
            "password_secret_id": "6dnUsCohQ8qZ8DRLfz6YIA",
            "ssh_setting_id": "",
            "url": "https://sqbu-github.cisco.com/ziqguo/terraform-provider.git",
            "url_type": "REPO",
            "usage_scope": [],
            "username": "ziqguo",
            "webhook_url": "https://app.harness.io/gratis/api/setup-as-code/yaml/webhook/9iYgU3FWW1snCm3Eq3KDt6yzqMeqsZvrRsKUAoJ8?accountId=2zPKqzWjT3SUyklYJvslKg"
          },
          "sensitive_attributes": [],
          "private": "eyJzY2hlbWFfdmVyc2lvbiI6IjAifQ==",
          "dependencies": [
            "data.harness_secret_manager.default",
            "data.vault_generic_secret.harness",
            "harness_encrypted_text.github_token"
          ]
        }
      ]
    },
    {
      "mode": "managed",
      "type": "harness_infrastructure_definition",
      "name": "k8s_dev",
      "provider": "provider[\"registry.terraform.io/harness/harness\"]",
      "instances": [
        {
          "schema_version": 0,
          "attributes": {
            "app_id": "twwqiq5AS3qN4OjyGYLNug",
            "aws_ami": [],
            "aws_ecs": [],
            "aws_lambda": [],
            "aws_ssh": [],
            "aws_winrm": [],
            "azure_vmss": [],
            "azure_webapp": [],
            "cloud_provider_type": "KUBERNETES_CLUSTER",
            "datacenter_ssh": [],
            "datacenter_winrm": [],
            "deployment_template_uri": "",
            "deployment_type": "KUBERNETES",
            "env_id": "IcOULJNRSnmzxVTcl-3g3Q",
            "id": "zOwRT85YSoKkKl3wyro83g",
            "kubernetes": [
              {
                "cloud_provider_name": "test-int301-aiadwxt-1",
                "namespace": "int301",
                "release_name": "${service.name}"
              }
            ],
            "kubernetes_gcp": [],
            "name": "k8s-dev",
            "provisioner_name": "",
            "scoped_services": null,
            "tanzu": []
          },
          "sensitive_attributes": [],
          "private": "bnVsbA==",
          "dependencies": [
            "data.harness_application.app",
            "data.vault_generic_secret.harness",
            "harness_application.peg",
            "harness_cloudprovider_kubernetes.pegasus_k8s",
            "harness_environment.dev"
          ]
        }
      ]
    },
    {
      "mode": "managed",
      "type": "harness_user_group",
      "name": "app_admin",
      "provider": "provider[\"registry.terraform.io/harness/harness\"]",
      "instances": [
        {
          "schema_version": 0,
          "attributes": {
            "description": "Administrators of the Pegasus application.",
            "id": "HzPRVbuISDe3UZUgqF7PMg",
            "imported_by_scim": false,
            "is_sso_linked": false,
            "ldap_settings": [],
            "name": "test_admin",
            "notification_settings": [],
            "permissions": [
              {
                "account_permissions": [
                  "CREATE_CUSTOM_DASHBOARDS"
                ],
                "app_permissions": [
                  {
                    "all": [
                      {
                        "actions": [
                          "CREATE",
                          "DELETE",
                          "READ",
                          "UPDATE"
                        ],
                        "app_ids": [
                          "twwqiq5AS3qN4OjyGYLNug"
                        ]
                      }
                    ],
                    "deployment": [],
                    "environment": [],
                    "pipeline": [],
                    "provisioner": [],
                    "service": [],
                    "template": [],
                    "workflow": []
                  }
                ]
              }
            ],
            "saml_settings": []
          },
          "sensitive_attributes": [],
          "private": "bnVsbA==",
          "dependencies": [
            "data.vault_generic_secret.harness",
            "harness_application.peg"
          ]
        }
      ]
    },
    {
      "mode": "managed",
      "type": "harness_user_group",
      "name": "app_developer",
      "provider": "provider[\"registry.terraform.io/harness/harness\"]",
      "instances": [
        {
          "schema_version": 0,
          "attributes": {
            "description": "Devlopers of the Pegasus application.",
            "id": "QjE0lLONTPesVuAL2V2Vjw",
            "imported_by_scim": false,
            "is_sso_linked": false,
            "ldap_settings": [],
            "name": "test_dev",
            "notification_settings": [],
            "permissions": [
              {
                "account_permissions": [
                  "CREATE_CUSTOM_DASHBOARDS"
                ],
                "app_permissions": [
                  {
                    "all": [
                      {
                        "actions": [
                          "READ"
                        ],
                        "app_ids": [
                          "twwqiq5AS3qN4OjyGYLNug"
                        ]
                      }
                    ],
                    "deployment": [
                      {
                        "actions": [
                          "EXECUTE_PIPELINE",
                          "EXECUTE_WORKFLOW",
                          "READ",
                          "ROLLBACK_WORKFLOW"
                        ],
                        "app_ids": [
                          "twwqiq5AS3qN4OjyGYLNug"
                        ],
                        "env_ids": [],
                        "filters": [
                          "NON_PRODUCTION_ENVIRONMENTS"
                        ]
                      }
                    ],
                    "environment": [],
                    "pipeline": [],
                    "provisioner": [],
                    "service": [],
                    "template": [],
                    "workflow": []
                  }
                ]
              }
            ],
            "saml_settings": []
          },
          "sensitive_attributes": [],
          "private": "bnVsbA==",
          "dependencies": [
            "data.vault_generic_secret.harness",
            "harness_application.peg"
          ]
        }
      ]
    }
  ]
}
