{
  "version": 4,
  "terraform_version": "1.1.9",
  "serial": 38,
  "lineage": "01ed9b62-0fb3-c494-49d6-0d0b28e84510",
  "outputs": {},
  "resources": [
    {
      "mode": "managed",
      "type": "harness_application",
      "name": "peg",
      "provider": "provider[\"registry.terraform.io/harness/harness\"]",
      "instances": [
        {
          "schema_version": 0,
          "attributes": {
            "description": "management by tf",
            "git_sync_connector_id": null,
            "git_sync_enabled": null,
            "id": "twwqiq5AS3qN4OjyGYLNug",
            "is_manual_trigger_authorized": false,
            "name": "Pegasus"
          },
          "sensitive_attributes": [],
          "private": "bnVsbA=="
        }
      ]
    },
    {
      "mode": "managed",
      "type": "harness_git_connector",
      "name": "sipedge",
      "provider": "provider[\"registry.terraform.io/harness/harness\"]",
      "instances": [
        {
          "schema_version": 0,
          "attributes": {
            "branch": "master",
            "commit_details": [],
            "created_at": "54152-01-27 08:32:08 +0000 UTC",
            "delegate_selectors": null,
            "generate_webhook_url": true,
            "id": "HvKCOpt8S-yFsi-rnEUQnA",
            "name": "sqbu-github SandboxSipEdge Application",
            "password_secret_id": "yqYZ5MFHRY-K7JrlOVv-9g",
            "ssh_setting_id": "",
            "url": "https://sqbu-github.cisco.com/SIPEdge/harness-SandboxSipEdge.git",
            "url_type": "REPO",
            "usage_scope": [],
            "username": "wbx3-harness.gen",
            "webhook_url": "https://app.harness.io/gratis/api/setup-as-code/yaml/webhook/RyzvlpQ0LlS7SaLUJmXGP9aVv60DcMdpNXFM6Rk1?accountId=2zPKqzWjT3SUyklYJvslKg"
          },
          "sensitive_attributes": [],
          "private": "bnVsbA=="
        }
      ]
    }
  ]
}
